
Microsoft Visual Studio Solution File, Format Version 12.00
# Visual Studio Version 17
VisualStudioVersion = 17.14.36429.23 d17.14
MinimumVisualStudioVersion = 10.0.40219.1
Project("{FAE04EC0-301F-11D3-BF4B-00C04F79EFBC}") = "EjercicioTres", "EjercicioTres\EjercicioTres.csproj", "{A78BD240-EABF-4DC6-880B-7B12478809FF}"
EndProject
Global
	GlobalSection(SolutionConfigurationPlatforms) = preSolution
		Debug|Any CPU = Debug|Any CPU
		Release|Any CPU = Release|Any CPU
	EndGlobalSection
	GlobalSection(ProjectConfigurationPlatforms) = postSolution
		{A78BD240-EABF-4DC6-880B-7B12478809FF}.Debug|Any CPU.ActiveCfg = Debug|Any CPU
		{A78BD240-EABF-4DC6-880B-7B12478809FF}.Debug|Any CPU.Build.0 = Debug|Any CPU
		{A78BD240-EABF-4DC6-880B-7B12478809FF}.Release|Any CPU.ActiveCfg = Release|Any CPU
		{A78BD240-EABF-4DC6-880B-7B12478809FF}.Release|Any CPU.Build.0 = Release|Any CPU
	EndGlobalSection
	GlobalSection(SolutionProperties) = preSolution
		HideSolutionNode = FALSE
	EndGlobalSection
	GlobalSection(ExtensibilityGlobals) = postSolution
		SolutionGuid = {0996DD51-A7E8-4CEB-9FFF-A6AC95EFA70F}
	EndGlobalSection
EndGlobal
