
Microsoft Visual Studio Solution File, Format Version 12.00
# Visual Studio Version 17
VisualStudioVersion = 17.14.36429.23 d17.14
MinimumVisualStudioVersion = 10.0.40219.1
Project("{FAE04EC0-301F-11D3-BF4B-00C04F79EFBC}") = "Ejercicio2", "Ejercicio2\Ejercicio2.csproj", "{34C387EB-9787-433F-9D35-39CBD23A0B0F}"
EndProject
Global
	GlobalSection(SolutionConfigurationPlatforms) = preSolution
		Debug|Any CPU = Debug|Any CPU
		Release|Any CPU = Release|Any CPU
	EndGlobalSection
	GlobalSection(ProjectConfigurationPlatforms) = postSolution
		{34C387EB-9787-433F-9D35-39CBD23A0B0F}.Debug|Any CPU.ActiveCfg = Debug|Any CPU
		{34C387EB-9787-433F-9D35-39CBD23A0B0F}.Debug|Any CPU.Build.0 = Debug|Any CPU
		{34C387EB-9787-433F-9D35-39CBD23A0B0F}.Release|Any CPU.ActiveCfg = Release|Any CPU
		{34C387EB-9787-433F-9D35-39CBD23A0B0F}.Release|Any CPU.Build.0 = Release|Any CPU
	EndGlobalSection
	GlobalSection(SolutionProperties) = preSolution
		HideSolutionNode = FALSE
	EndGlobalSection
	GlobalSection(ExtensibilityGlobals) = postSolution
		SolutionGuid = {786F9318-4BF8-44DB-963E-963A1E386A8B}
	EndGlobalSection
EndGlobal
