
Microsoft Visual Studio Solution File, Format Version 12.00
# Visual Studio Version 17
VisualStudioVersion = 17.14.36429.23 d17.14
MinimumVisualStudioVersion = 10.0.40219.1
Project("{FAE04EC0-301F-11D3-BF4B-00C04F79EFBC}") = "Ejercicio5", "Ejercicio5\Ejercicio5.csproj", "{D53E8FEE-4B1E-4687-8F38-A38B28CF0B0B}"
EndProject
Global
	GlobalSection(SolutionConfigurationPlatforms) = preSolution
		Debug|Any CPU = Debug|Any CPU
		Release|Any CPU = Release|Any CPU
	EndGlobalSection
	GlobalSection(ProjectConfigurationPlatforms) = postSolution
		{D53E8FEE-4B1E-4687-8F38-A38B28CF0B0B}.Debug|Any CPU.ActiveCfg = Debug|Any CPU
		{D53E8FEE-4B1E-4687-8F38-A38B28CF0B0B}.Debug|Any CPU.Build.0 = Debug|Any CPU
		{D53E8FEE-4B1E-4687-8F38-A38B28CF0B0B}.Release|Any CPU.ActiveCfg = Release|Any CPU
		{D53E8FEE-4B1E-4687-8F38-A38B28CF0B0B}.Release|Any CPU.Build.0 = Release|Any CPU
	EndGlobalSection
	GlobalSection(SolutionProperties) = preSolution
		HideSolutionNode = FALSE
	EndGlobalSection
	GlobalSection(ExtensibilityGlobals) = postSolution
		SolutionGuid = {183056E5-335E-46DA-B75A-E518740DCEB8}
	EndGlobalSection
EndGlobal
