
Microsoft Visual Studio Solution File, Format Version 12.00
# Visual Studio Version 17
VisualStudioVersion = 17.14.36429.23 d17.14
MinimumVisualStudioVersion = 10.0.40219.1
Project("{FAE04EC0-301F-11D3-BF4B-00C04F79EFBC}") = "EjercicioCinco", "EjercicioCinco\EjercicioCinco.csproj", "{93AE0DEF-ACCA-4F8B-ADBF-9EA8FD7D7D9C}"
EndProject
Global
	GlobalSection(SolutionConfigurationPlatforms) = preSolution
		Debug|Any CPU = Debug|Any CPU
		Release|Any CPU = Release|Any CPU
	EndGlobalSection
	GlobalSection(ProjectConfigurationPlatforms) = postSolution
		{93AE0DEF-ACCA-4F8B-ADBF-9EA8FD7D7D9C}.Debug|Any CPU.ActiveCfg = Debug|Any CPU
		{93AE0DEF-ACCA-4F8B-ADBF-9EA8FD7D7D9C}.Debug|Any CPU.Build.0 = Debug|Any CPU
		{93AE0DEF-ACCA-4F8B-ADBF-9EA8FD7D7D9C}.Release|Any CPU.ActiveCfg = Release|Any CPU
		{93AE0DEF-ACCA-4F8B-ADBF-9EA8FD7D7D9C}.Release|Any CPU.Build.0 = Release|Any CPU
	EndGlobalSection
	GlobalSection(SolutionProperties) = preSolution
		HideSolutionNode = FALSE
	EndGlobalSection
	GlobalSection(ExtensibilityGlobals) = postSolution
		SolutionGuid = {0E81E6C0-57A0-4C6F-B722-0F503AC659DC}
	EndGlobalSection
EndGlobal
