
Microsoft Visual Studio Solution File, Format Version 12.00
# Visual Studio Version 17
VisualStudioVersion = 17.14.36429.23 d17.14
MinimumVisualStudioVersion = 10.0.40219.1
Project("{FAE04EC0-301F-11D3-BF4B-00C04F79EFBC}") = "EjercicioUno", "EjercicioUno\EjercicioUno.csproj", "{666B9B34-DEC4-4DB7-B538-996887F06B55}"
EndProject
Global
	GlobalSection(SolutionConfigurationPlatforms) = preSolution
		Debug|Any CPU = Debug|Any CPU
		Release|Any CPU = Release|Any CPU
	EndGlobalSection
	GlobalSection(ProjectConfigurationPlatforms) = postSolution
		{666B9B34-DEC4-4DB7-B538-996887F06B55}.Debug|Any CPU.ActiveCfg = Debug|Any CPU
		{666B9B34-DEC4-4DB7-B538-996887F06B55}.Debug|Any CPU.Build.0 = Debug|Any CPU
		{666B9B34-DEC4-4DB7-B538-996887F06B55}.Release|Any CPU.ActiveCfg = Release|Any CPU
		{666B9B34-DEC4-4DB7-B538-996887F06B55}.Release|Any CPU.Build.0 = Release|Any CPU
	EndGlobalSection
	GlobalSection(SolutionProperties) = preSolution
		HideSolutionNode = FALSE
	EndGlobalSection
	GlobalSection(ExtensibilityGlobals) = postSolution
		SolutionGuid = {20721A53-0FF1-45D9-8F84-1E037FAEC053}
	EndGlobalSection
EndGlobal
